
Microsoft Visual Studio Solution File, Format Version 12.00
# Visual Studio Version 17
VisualStudioVersion = 17.3.32922.545
MinimumVisualStudioVersion = 10.0.40219.1
Project("{FAE04EC0-301F-11D3-BF4B-00C04F79EFBC}") = "HSA_Estoque48", "HSA_Estoque48\HSA_Estoque48.csproj", "{1CDA331D-FA1F-4DBA-BA8C-131A30F033E8}"
EndProject
Global
	GlobalSection(SolutionConfigurationPlatforms) = preSolution
		Debug|Any CPU = Debug|Any CPU
		Release|Any CPU = Release|Any CPU
	EndGlobalSection
	GlobalSection(ProjectConfigurationPlatforms) = postSolution
		{1CDA331D-FA1F-4DBA-BA8C-131A30F033E8}.Debug|Any CPU.ActiveCfg = Debug|Any CPU
		{1CDA331D-FA1F-4DBA-BA8C-131A30F033E8}.Debug|Any CPU.Build.0 = Debug|Any CPU
		{1CDA331D-FA1F-4DBA-BA8C-131A30F033E8}.Release|Any CPU.ActiveCfg = Release|Any CPU
		{1CDA331D-FA1F-4DBA-BA8C-131A30F033E8}.Release|Any CPU.Build.0 = Release|Any CPU
	EndGlobalSection
	GlobalSection(SolutionProperties) = preSolution
		HideSolutionNode = FALSE
	EndGlobalSection
	GlobalSection(ExtensibilityGlobals) = postSolution
		SolutionGuid = {1DF33961-7BDF-4AC8-A242-0993C03A2F27}
	EndGlobalSection
EndGlobal
